
Microsoft Visual Studio Solution File, Format Version 12.00
# Visual Studio Version 17
VisualStudioVersion = 17.9.34714.143
MinimumVisualStudioVersion = 10.0.40219.1
Project("{FAE04EC0-301F-11D3-BF4B-00C04F79EFBC}") = "View", "View\View.csproj", "{980D9029-713A-4281-98C1-B93D6156C00E}"
EndProject
Project("{FAE04EC0-301F-11D3-BF4B-00C04F79EFBC}") = "BookStore1", "BookStore1\BookStore1.csproj", "{0BDCE392-892E-4C2E-B882-098341F16CAD}"
EndProject
Project("{FAE04EC0-301F-11D3-BF4B-00C04F79EFBC}") = "Business1", "Business1\Business1.csproj", "{753A1BCE-3142-43DB-986C-B4F0B1C6F692}"
EndProject
Project("{FAE04EC0-301F-11D3-BF4B-00C04F79EFBC}") = "Data1", "Data1\Data1.csproj", "{A9557F6F-02BB-4DE3-8A5C-5E3D4D16820E}"
EndProject
Global
	GlobalSection(SolutionConfigurationPlatforms) = preSolution
		Debug|Any CPU = Debug|Any CPU
		Release|Any CPU = Release|Any CPU
	EndGlobalSection
	GlobalSection(ProjectConfigurationPlatforms) = postSolution
		{980D9029-713A-4281-98C1-B93D6156C00E}.Debug|Any CPU.ActiveCfg = Debug|Any CPU
		{980D9029-713A-4281-98C1-B93D6156C00E}.Debug|Any CPU.Build.0 = Debug|Any CPU
		{980D9029-713A-4281-98C1-B93D6156C00E}.Release|Any CPU.ActiveCfg = Release|Any CPU
		{980D9029-713A-4281-98C1-B93D6156C00E}.Release|Any CPU.Build.0 = Release|Any CPU
		{0BDCE392-892E-4C2E-B882-098341F16CAD}.Debug|Any CPU.ActiveCfg = Debug|Any CPU
		{0BDCE392-892E-4C2E-B882-098341F16CAD}.Debug|Any CPU.Build.0 = Debug|Any CPU
		{0BDCE392-892E-4C2E-B882-098341F16CAD}.Release|Any CPU.ActiveCfg = Release|Any CPU
		{0BDCE392-892E-4C2E-B882-098341F16CAD}.Release|Any CPU.Build.0 = Release|Any CPU
		{753A1BCE-3142-43DB-986C-B4F0B1C6F692}.Debug|Any CPU.ActiveCfg = Debug|Any CPU
		{753A1BCE-3142-43DB-986C-B4F0B1C6F692}.Debug|Any CPU.Build.0 = Debug|Any CPU
		{753A1BCE-3142-43DB-986C-B4F0B1C6F692}.Release|Any CPU.ActiveCfg = Release|Any CPU
		{753A1BCE-3142-43DB-986C-B4F0B1C6F692}.Release|Any CPU.Build.0 = Release|Any CPU
		{A9557F6F-02BB-4DE3-8A5C-5E3D4D16820E}.Debug|Any CPU.ActiveCfg = Debug|Any CPU
		{A9557F6F-02BB-4DE3-8A5C-5E3D4D16820E}.Debug|Any CPU.Build.0 = Debug|Any CPU
		{A9557F6F-02BB-4DE3-8A5C-5E3D4D16820E}.Release|Any CPU.ActiveCfg = Release|Any CPU
		{A9557F6F-02BB-4DE3-8A5C-5E3D4D16820E}.Release|Any CPU.Build.0 = Release|Any CPU
	EndGlobalSection
	GlobalSection(SolutionProperties) = preSolution
		HideSolutionNode = FALSE
	EndGlobalSection
	GlobalSection(ExtensibilityGlobals) = postSolution
		SolutionGuid = {0794FEB6-F473-47F2-B509-33FFDD2DBD90}
	EndGlobalSection
EndGlobal
